// !$*UTF8*$!
{
	archiveVersion = 1;
	classes = {
	};
	objectVersion = 56;
	objects = {

/* Begin PBXBuildFile section */
		DF1F527E2F7269A900D09874 /* AppDelegate.m in Sources */ = {isa = PBXBuildFile; fileRef = DF1F527D2F7269A900D09874 /* AppDelegate.m */; };
		DF1F52842F7269A900D09874 /* ViewController.m in Sources */ = {isa = PBXBuildFile; fileRef = DF1F52832F7269A900D09874 /* ViewController.m */; };
		DF1F52872F7269A900D09874 /* Main.storyboard in Resources */ = {isa = PBXBuildFile; fileRef = DF1F52852F7269A900D09874 /* Main.storyboard */; };
		DF1F52892F7269AA00D09874 /* Assets.xcassets in Resources */ = {isa = PBXBuildFile; fileRef = DF1F52882F7269AA00D09874 /* Assets.xcassets */; };
		DF1F528C2F7269AA00D09874 /* LaunchScreen.storyboard in Resources */ = {isa = PBXBuildFile; fileRef = DF1F528A2F7269AA00D09874 /* LaunchScreen.storyboard */; };
		DF1F528F2F7269AA00D09874 /* main.m in Sources */ = {isa = PBXBuildFile; fileRef = DF1F528E2F7269AA00D09874 /* main.m */; };
		A1B200032F7269AA00D09874 /* ESStore.m in Sources */ = {isa = PBXBuildFile; fileRef = A1B200022F7269AA00D09874 /* ESStore.m */; };
		A1B200072F7269AA00D09874 /* ESAppControllers.m in Sources */ = {isa = PBXBuildFile; fileRef = A1B200062F7269AA00D09874 /* ESAppControllers.m */; };
		B2E000012F9000AA00D09874 /* ESDataGenerator.m in Sources */ = {isa = PBXBuildFile; fileRef = B2E000022F9000AA00D09874 /* ESDataGenerator.m */; };
/* End PBXBuildFile section */

/* Begin PBXFileReference section */
		DF1F52792F7269A900D09874 /* example3.app */ = {isa = PBXFileReference; explicitFileType = wrapper.application; includeInIndex = 0; path = example3.app; sourceTree = BUILT_PRODUCTS_DIR; };
		DF1F527C2F7269A900D09874 /* AppDelegate.h */ = {isa = PBXFileReference; lastKnownFileType = sourcecode.c.h; path = AppDelegate.h; sourceTree = "<group>"; };
		DF1F527D2F7269A900D09874 /* AppDelegate.m */ = {isa = PBXFileReference; lastKnownFileType = sourcecode.c.objc; path = AppDelegate.m; sourceTree = "<group>"; };
		DF1F527F2F7269A900D09874 /* SceneDelegate.h */ = {isa = PBXFileReference; lastKnownFileType = sourcecode.c.h; path = SceneDelegate.h; sourceTree = "<group>"; };
		DF1F52802F7269A900D09874 /* SceneDelegate.m */ = {isa = PBXFileReference; lastKnownFileType = sourcecode.c.objc; path = SceneDelegate.m; sourceTree = "<group>"; };
		DF1F52822F7269A900D09874 /* ViewController.h */ = {isa = PBXFileReference; lastKnownFileType = sourcecode.c.h; path = ViewController.h; sourceTree = "<group>"; };
		DF1F52832F7269A900D09874 /* ViewController.m */ = {isa = PBXFileReference; lastKnownFileType = sourcecode.c.objc; path = ViewController.m; sourceTree = "<group>"; };
		DF1F52862F7269A900D09874 /* Base */ = {isa = PBXFileReference; lastKnownFileType = file.storyboard; name = Base; path = Base.lproj/Main.storyboard; sourceTree = "<group>"; };
		DF1F52882F7269AA00D09874 /* Assets.xcassets */ = {isa = PBXFileReference; lastKnownFileType = folder.assetcatalog; path = Assets.xcassets; sourceTree = "<group>"; };
		DF1F528B2F7269AA00D09874 /* Base */ = {isa = PBXFileReference; lastKnownFileType = file.storyboard; name = Base; path = Base.lproj/LaunchScreen.storyboard; sourceTree = "<group>"; };
		DF1F528D2F7269AA00D09874 /* Info.plist */ = {isa = PBXFileReference; lastKnownFileType = text.plist.xml; path = Info.plist; sourceTree = "<group>"; };
		DF1F528E2F7269AA00D09874 /* main.m */ = {isa = PBXFileReference; lastKnownFileType = sourcecode.c.objc; path = main.m; sourceTree = "<group>"; };
		A1B200012F7269AA00D09874 /* ESStore.h */ = {isa = PBXFileReference; lastKnownFileType = sourcecode.c.h; path = ESStore.h; sourceTree = "<group>"; };
		A1B200022F7269AA00D09874 /* ESStore.m */ = {isa = PBXFileReference; lastKnownFileType = sourcecode.c.objc; path = ESStore.m; sourceTree = "<group>"; };
		A1B200042F7269AA00D09874 /* ESCompatibility.h */ = {isa = PBXFileReference; lastKnownFileType = sourcecode.c.h; path = ESCompatibility.h; sourceTree = "<group>"; };
		A1B200052F7269AA00D09874 /* ESAppControllers.h */ = {isa = PBXFileReference; lastKnownFileType = sourcecode.c.h; path = ESAppControllers.h; sourceTree = "<group>"; };
		A1B200062F7269AA00D09874 /* ESAppControllers.m */ = {isa = PBXFileReference; lastKnownFileType = sourcecode.c.objc; path = ESAppControllers.m; sourceTree = "<group>"; };
		B2E000032F9000AA00D09874 /* ESDataGenerator.h */ = {isa = PBXFileReference; lastKnownFileType = sourcecode.c.h; path = ESDataGenerator.h; sourceTree = "<group>"; };
		B2E000022F9000AA00D09874 /* ESDataGenerator.m */ = {isa = PBXFileReference; lastKnownFileType = sourcecode.c.objc; path = ESDataGenerator.m; sourceTree = "<group>"; };
/* End PBXFileReference section */

/* Begin PBXFrameworksBuildPhase section */
		DF1F52762F7269A900D09874 /* Frameworks */ = {
			isa = PBXFrameworksBuildPhase;
			buildActionMask = 2147483647;
			files = (
			);
			runOnlyForDeploymentPostprocessing = 0;
		};
/* End PBXFrameworksBuildPhase section */

/* Begin PBXGroup section */
		DF1F52702F7269A900D09874 = {
			isa = PBXGroup;
			children = (
				DF1F527B2F7269A900D09874 /* example3 */,
				DF1F527A2F7269A900D09874 /* Products */,
			);
			sourceTree = "<group>";
		};
		DF1F527A2F7269A900D09874 /* Products */ = {
			isa = PBXGroup;
			children = (
				DF1F52792F7269A900D09874 /* example3.app */,
			);
			name = Products;
			sourceTree = "<group>";
		};
		DF1F527B2F7269A900D09874 /* example3 */ = {
			isa = PBXGroup;
			children = (
				DF1F527C2F7269A900D09874 /* AppDelegate.h */,
				DF1F527D2F7269A900D09874 /* AppDelegate.m */,
				DF1F527F2F7269A900D09874 /* SceneDelegate.h */,
				DF1F52802F7269A900D09874 /* SceneDelegate.m */,
				DF1F52822F7269A900D09874 /* ViewController.h */,
				DF1F52832F7269A900D09874 /* ViewController.m */,
				A1B200042F7269AA00D09874 /* ESCompatibility.h */,
				A1B200012F7269AA00D09874 /* ESStore.h */,
				A1B200022F7269AA00D09874 /* ESStore.m */,
				B2E000032F9000AA00D09874 /* ESDataGenerator.h */,
				B2E000022F9000AA00D09874 /* ESDataGenerator.m */,
				A1B200052F7269AA00D09874 /* ESAppControllers.h */,
				A1B200062F7269AA00D09874 /* ESAppControllers.m */,
				DF1F52852F7269A900D09874 /* Main.storyboard */,
				DF1F52882F7269AA00D09874 /* Assets.xcassets */,
				DF1F528A2F7269AA00D09874 /* LaunchScreen.storyboard */,
				DF1F528D2F7269AA00D09874 /* Info.plist */,
				DF1F528E2F7269AA00D09874 /* main.m */,
			);
			path = example3;
			sourceTree = "<group>";
		};
/* End PBXGroup section */

/* Begin PBXNativeTarget section */
		DF1F52782F7269A900D09874 /* example3 */ = {
			isa = PBXNativeTarget;
			buildConfigurationList = DF1F52922F7269AA00D09874 /* Build configuration list for PBXNativeTarget "example3" */;
			buildPhases = (
				DF1F52752F7269A900D09874 /* Sources */,
				DF1F52762F7269A900D09874 /* Frameworks */,
				DF1F52772F7269A900D09874 /* Resources */,
			);
			buildRules = (
			);
			dependencies = (
			);
			name = example3;
			productName = example3;
			productReference = DF1F52792F7269A900D09874 /* example3.app */;
			productType = "com.apple.product-type.application";
		};
/* End PBXNativeTarget section */

/* Begin PBXProject section */
		DF1F52712F7269A900D09874 /* Project object */ = {
			isa = PBXProject;
			attributes = {
				BuildIndependentTargetsInParallel = 1;
				LastUpgradeCheck = 1420;
				TargetAttributes = {
					DF1F52782F7269A900D09874 = {
						CreatedOnToolsVersion = 14.2;
					};
				};
			};
			buildConfigurationList = DF1F52742F7269A900D09874 /* Build configuration list for PBXProject "example3" */;
			compatibilityVersion = "Xcode 14.0";
			developmentRegion = en;
			hasScannedForEncodings = 0;
			knownRegions = (
				en,
				Base,
			);
			mainGroup = DF1F52702F7269A900D09874;
			productRefGroup = DF1F527A2F7269A900D09874 /* Products */;
			projectDirPath = "";
			projectRoot = "";
			targets = (
				DF1F52782F7269A900D09874 /* example3 */,
			);
		};
/* End PBXProject section */

/* Begin PBXResourcesBuildPhase section */
		DF1F52772F7269A900D09874 /* Resources */ = {
			isa = PBXResourcesBuildPhase;
			buildActionMask = 2147483647;
			files = (
				DF1F528C2F7269AA00D09874 /* LaunchScreen.storyboard in Resources */,
				DF1F52892F7269AA00D09874 /* Assets.xcassets in Resources */,
				DF1F52872F7269A900D09874 /* Main.storyboard in Resources */,
			);
			runOnlyForDeploymentPostprocessing = 0;
		};
/* End PBXResourcesBuildPhase section */

/* Begin PBXSourcesBuildPhase section */
		DF1F52752F7269A900D09874 /* Sources */ = {
			isa = PBXSourcesBuildPhase;
			buildActionMask = 2147483647;
			files = (
				DF1F52842F7269A900D09874 /* ViewController.m in Sources */,
				A1B200032F7269AA00D09874 /* ESStore.m in Sources */,
				A1B200072F7269AA00D09874 /* ESAppControllers.m in Sources */,
				B2E000012F9000AA00D09874 /* ESDataGenerator.m in Sources */,
				DF1F527E2F7269A900D09874 /* AppDelegate.m in Sources */,
				DF1F528F2F7269AA00D09874 /* main.m in Sources */,
			);
			runOnlyForDeploymentPostprocessing = 0;
		};
/* End PBXSourcesBuildPhase section */

/* Begin PBXVariantGroup section */
		DF1F52852F7269A900D09874 /* Main.storyboard */ = {
			isa = PBXVariantGroup;
			children = (
				DF1F52862F7269A900D09874 /* Base */,
			);
			name = Main.storyboard;
			sourceTree = "<group>";
		};
		DF1F528A2F7269AA00D09874 /* LaunchScreen.storyboard */ = {
			isa = PBXVariantGroup;
			children = (
				DF1F528B2F7269AA00D09874 /* Base */,
			);
			name = LaunchScreen.storyboard;
			sourceTree = "<group>";
		};
/* End PBXVariantGroup section */

/* Begin XCBuildConfiguration section */
		DF1F52902F7269AA00D09874 /* Debug */ = {
			isa = XCBuildConfiguration;
			buildSettings = {
				ALWAYS_SEARCH_USER_PATHS = NO;
				CLANG_ANALYZER_NONNULL = YES;
				CLANG_ANALYZER_NUMBER_OBJECT_CONVERSION = YES_AGGRESSIVE;
				CLANG_CXX_LANGUAGE_STANDARD = "gnu++20";
				CLANG_ENABLE_MODULES = YES;
				CLANG_ENABLE_OBJC_ARC = YES;
				CLANG_ENABLE_OBJC_WEAK = YES;
				CLANG_WARN_BLOCK_CAPTURE_AUTORELEASING = YES;
				CLANG_WARN_BOOL_CONVERSION = YES;
				CLANG_WARN_COMMA = YES;
				CLANG_WARN_CONSTANT_CONVERSION = YES;
				CLANG_WARN_DEPRECATED_OBJC_IMPLEMENTATIONS = YES;
				CLANG_WARN_DIRECT_OBJC_ISA_USAGE = YES_ERROR;
				CLANG_WARN_DOCUMENTATION_COMMENTS = YES;
				CLANG_WARN_EMPTY_BODY = YES;
				CLANG_WARN_ENUM_CONVERSION = YES;
				CLANG_WARN_INFINITE_RECURSION = YES;
				CLANG_WARN_INT_CONVERSION = YES;
				CLANG_WARN_NON_LITERAL_NULL_CONVERSION = YES;
				CLANG_WARN_OBJC_IMPLICIT_RETAIN_SELF = YES;
				CLANG_WARN_OBJC_LITERAL_CONVERSION = YES;
				CLANG_WARN_OBJC_ROOT_CLASS = YES_ERROR;
				CLANG_WARN_QUOTED_INCLUDE_IN_FRAMEWORK_HEADER = YES;
				CLANG_WARN_RANGE_LOOP_ANALYSIS = YES;
				CLANG_WARN_STRICT_PROTOTYPES = YES;
				CLANG_WARN_SUSPICIOUS_MOVE = YES;
				CLANG_WARN_UNGUARDED_AVAILABILITY = YES_AGGRESSIVE;
				CLANG_WARN_UNREACHABLE_CODE = YES;
				CLANG_WARN__DUPLICATE_METHOD_MATCH = YES;
				COPY_PHASE_STRIP = NO;
				DEBUG_INFORMATION_FORMAT = dwarf;
				ENABLE_STRICT_OBJC_MSGSEND = YES;
				ENABLE_TESTABILITY = YES;
				GCC_C_LANGUAGE_STANDARD = gnu11;
				GCC_DYNAMIC_NO_PIC = NO;
				GCC_NO_COMMON_BLOCKS = YES;
				GCC_OPTIMIZATION_LEVEL = 0;
				GCC_PREPROCESSOR_DEFINITIONS = (
					"DEBUG=1",
					"$(inherited)",
				);
				GCC_WARN_64_TO_32_BIT_CONVERSION = YES;
				GCC_WARN_ABOUT_RETURN_TYPE = YES_ERROR;
				GCC_WARN_UNDECLARED_SELECTOR = YES;
				GCC_WARN_UNINITIALIZED_AUTOS = YES_AGGRESSIVE;
				GCC_WARN_UNUSED_FUNCTION = YES;
				GCC_WARN_UNUSED_VARIABLE = YES;
				IPHONEOS_DEPLOYMENT_TARGET = 11.0;
				MTL_ENABLE_DEBUG_INFO = INCLUDE_SOURCE;
				MTL_FAST_MATH = YES;
				ONLY_ACTIVE_ARCH = YES;
				SDKROOT = iphoneos;
			};
			name = Debug;
		};
		DF1F52912F7269AA00D09874 /* Release */ = {
			isa = XCBuildConfiguration;
			buildSettings = {
				ALWAYS_SEARCH_USER_PATHS = NO;
				CLANG_ANALYZER_NONNULL = YES;
				CLANG_ANALYZER_NUMBER_OBJECT_CONVERSION = YES_AGGRESSIVE;
				CLANG_CXX_LANGUAGE_STANDARD = "gnu++20";
				CLANG_ENABLE_MODULES = YES;
				CLANG_ENABLE_OBJC_ARC = YES;
				CLANG_ENABLE_OBJC_WEAK = YES;
				CLANG_WARN_BLOCK_CAPTURE_AUTORELEASING = YES;
				CLANG_WARN_BOOL_CONVERSION = YES;
				CLANG_WARN_COMMA = YES;
				CLANG_WARN_CONSTANT_CONVERSION = YES;
				CLANG_WARN_DEPRECATED_OBJC_IMPLEMENTATIONS = YES;
				CLANG_WARN_DIRECT_OBJC_ISA_USAGE = YES_ERROR;
				CLANG_WARN_DOCUMENTATION_COMMENTS = YES;
				CLANG_WARN_EMPTY_BODY = YES;
				CLANG_WARN_ENUM_CONVERSION = YES;
				CLANG_WARN_INFINITE_RECURSION = YES;
				CLANG_WARN_INT_CONVERSION = YES;
				CLANG_WARN_NON_LITERAL_NULL_CONVERSION = YES;
				CLANG_WARN_OBJC_IMPLICIT_RETAIN_SELF = YES;
				CLANG_WARN_OBJC_LITERAL_CONVERSION = YES;
				CLANG_WARN_OBJC_ROOT_CLASS = YES_ERROR;
				CLANG_WARN_QUOTED_INCLUDE_IN_FRAMEWORK_HEADER = YES;
				CLANG_WARN_RANGE_LOOP_ANALYSIS = YES;
				CLANG_WARN_STRICT_PROTOTYPES = YES;
				CLANG_WARN_SUSPICIOUS_MOVE = YES;
				CLANG_WARN_UNGUARDED_AVAILABILITY = YES_AGGRESSIVE;
				CLANG_WARN_UNREACHABLE_CODE = YES;
				CLANG_WARN__DUPLICATE_METHOD_MATCH = YES;
				COPY_PHASE_STRIP = NO;
				DEBUG_INFORMATION_FORMAT = "dwarf-with-dsym";
				ENABLE_NS_ASSERTIONS = NO;
				ENABLE_STRICT_OBJC_MSGSEND = YES;
				GCC_C_LANGUAGE_STANDARD = gnu11;
				GCC_NO_COMMON_BLOCKS = YES;
				GCC_WARN_64_TO_32_BIT_CONVERSION = YES;
				GCC_WARN_ABOUT_RETURN_TYPE = YES_ERROR;
				GCC_WARN_UNDECLARED_SELECTOR = YES;
				GCC_WARN_UNINITIALIZED_AUTOS = YES_AGGRESSIVE;
				GCC_WARN_UNUSED_FUNCTION = YES;
				GCC_WARN_UNUSED_VARIABLE = YES;
				IPHONEOS_DEPLOYMENT_TARGET = 11.0;
				MTL_ENABLE_DEBUG_INFO = NO;
				MTL_FAST_MATH = YES;
				SDKROOT = iphoneos;
				VALIDATE_PRODUCT = YES;
			};
			name = Release;
		};
		DF1F52932F7269AA00D09874 /* Debug */ = {
			isa = XCBuildConfiguration;
			buildSettings = {
				ASSETCATALOG_COMPILER_APPICON_NAME = AppIcon;
				ASSETCATALOG_COMPILER_GLOBAL_ACCENT_COLOR_NAME = AccentColor;
				CODE_SIGN_STYLE = Automatic;
				CURRENT_PROJECT_VERSION = 1;
				DEVELOPMENT_TEAM = DTB6FGJVXP;
				GENERATE_INFOPLIST_FILE = YES;
				INFOPLIST_FILE = example3/Info.plist;
				INFOPLIST_KEY_UIApplicationSupportsIndirectInputEvents = YES;
				INFOPLIST_KEY_UILaunchStoryboardName = LaunchScreen;
				INFOPLIST_KEY_UIMainStoryboardFile = Main;
				INFOPLIST_KEY_UISupportedInterfaceOrientations_iPad = "UIInterfaceOrientationPortrait UIInterfaceOrientationPortraitUpsideDown UIInterfaceOrientationLandscapeLeft UIInterfaceOrientationLandscapeRight";
				INFOPLIST_KEY_UISupportedInterfaceOrientations_iPhone = "UIInterfaceOrientationPortrait UIInterfaceOrientationLandscapeLeft UIInterfaceOrientationLandscapeRight";
				IPHONEOS_DEPLOYMENT_TARGET = 11.0;
				LD_RUNPATH_SEARCH_PATHS = (
					"$(inherited)",
					"@executable_path/Frameworks",
				);
				MARKETING_VERSION = 1.0;
				PRODUCT_BUNDLE_IDENTIFIER = flywen.top.example3;
				PRODUCT_NAME = "$(TARGET_NAME)";
				SUPPORTED_PLATFORMS = "iphoneos iphonesimulator";
				SUPPORTS_MACCATALYST = NO;
				SUPPORTS_MAC_DESIGNED_FOR_IPHONE_IPAD = NO;
				SWIFT_EMIT_LOC_STRINGS = YES;
				TARGETED_DEVICE_FAMILY = 1;
			};
			name = Debug;
		};
		DF1F52942F7269AA00D09874 /* Release */ = {
			isa = XCBuildConfiguration;
			buildSettings = {
				ASSETCATALOG_COMPILER_APPICON_NAME = AppIcon;
				ASSETCATALOG_COMPILER_GLOBAL_ACCENT_COLOR_NAME = AccentColor;
				CODE_SIGN_STYLE = Automatic;
				CURRENT_PROJECT_VERSION = 1;
				DEVELOPMENT_TEAM = DTB6FGJVXP;
				GENERATE_INFOPLIST_FILE = YES;
				INFOPLIST_FILE = example3/Info.plist;
				INFOPLIST_KEY_UIApplicationSupportsIndirectInputEvents = YES;
				INFOPLIST_KEY_UILaunchStoryboardName = LaunchScreen;
				INFOPLIST_KEY_UIMainStoryboardFile = Main;
				INFOPLIST_KEY_UISupportedInterfaceOrientations_iPad = "UIInterfaceOrientationPortrait UIInterfaceOrientationPortraitUpsideDown UIInterfaceOrientationLandscapeLeft UIInterfaceOrientationLandscapeRight";
				INFOPLIST_KEY_UISupportedInterfaceOrientations_iPhone = "UIInterfaceOrientationPortrait UIInterfaceOrientationLandscapeLeft UIInterfaceOrientationLandscapeRight";
				IPHONEOS_DEPLOYMENT_TARGET = 11.0;
				LD_RUNPATH_SEARCH_PATHS = (
					"$(inherited)",
					"@executable_path/Frameworks",
				);
				MARKETING_VERSION = 1.0;
				PRODUCT_BUNDLE_IDENTIFIER = flywen.top.example3;
				PRODUCT_NAME = "$(TARGET_NAME)";
				SUPPORTED_PLATFORMS = "iphoneos iphonesimulator";
				SUPPORTS_MACCATALYST = NO;
				SUPPORTS_MAC_DESIGNED_FOR_IPHONE_IPAD = NO;
				SWIFT_EMIT_LOC_STRINGS = YES;
				TARGETED_DEVICE_FAMILY = 1;
			};
			name = Release;
		};
/* End XCBuildConfiguration section */

/* Begin XCConfigurationList section */
		DF1F52742F7269A900D09874 /* Build configuration list for PBXProject "example3" */ = {
			isa = XCConfigurationList;
			buildConfigurations = (
				DF1F52902F7269AA00D09874 /* Debug */,
				DF1F52912F7269AA00D09874 /* Release */,
			);
			defaultConfigurationIsVisible = 0;
			defaultConfigurationName = Release;
		};
		DF1F52922F7269AA00D09874 /* Build configuration list for PBXNativeTarget "example3" */ = {
			isa = XCConfigurationList;
			buildConfigurations = (
				DF1F52932F7269AA00D09874 /* Debug */,
				DF1F52942F7269AA00D09874 /* Release */,
			);
			defaultConfigurationIsVisible = 0;
			defaultConfigurationName = Release;
		};
/* End XCConfigurationList section */
	};
	rootObject = DF1F52712F7269A900D09874 /* Project object */;
}
